# THIS IS AN AUTOGENERATED FILE. DO NOT EDIT THIS FILE DIRECTLY.
# yarn lockfile v1


optics-ts@^2.4.0:
  version "2.4.0"
  resolved "https://registry.yarnpkg.com/optics-ts/-/optics-ts-2.4.0.tgz#b23d177a76de66fdec9a832eefbd43458a91953e"
  integrity sha512-BIYgnqOTEf+WiXuxuBFXeoCtyIDOwnUwCMybdQh8qdHyWXunwVVt7iD9XwNq8SCd5vUo9vqgYxF5ati/6inIuQ==
