# THIS IS AN AUTOGENERATED FILE. DO NOT EDIT THIS FILE DIRECTLY.
# yarn lockfile v1


fortmatic@^2.2.1:
  version "2.2.1"
  resolved "https://registry.yarnpkg.com/fortmatic/-/fortmatic-2.2.1.tgz#91ce9159c1fe539bd87e483125fca5c27a410a86"
  integrity sha512-PEfPoErJSErU2A8iYD2Mab2c8eJK5dCdCr1jR/8yc49aEAlyQ4UXnZXyeO6MU5zBGkDAZmg9brnRSPzc+8MKPQ==
